
Microsoft Visual Studio Solution File, Format Version 12.00
# Visual Studio Version 16
VisualStudioVersion = 16.0.33130.400
MinimumVisualStudioVersion = 10.0.40219.1
Project("{FAE04EC0-301F-11D3-BF4B-00C04F79EFBC}") = "WpfApp21", "WpfApp21.csproj", "{75298C73-F419-4B73-A3AA-3A6469BD389A}"
EndProject
Global
	GlobalSection(SolutionConfigurationPlatforms) = preSolution
		Debug|Any CPU = Debug|Any CPU
		Release|Any CPU = Release|Any CPU
	EndGlobalSection
	GlobalSection(ProjectConfigurationPlatforms) = postSolution
		{75298C73-F419-4B73-A3AA-3A6469BD389A}.Debug|Any CPU.ActiveCfg = Debug|Any CPU
		{75298C73-F419-4B73-A3AA-3A6469BD389A}.Debug|Any CPU.Build.0 = Debug|Any CPU
		{75298C73-F419-4B73-A3AA-3A6469BD389A}.Release|Any CPU.ActiveCfg = Release|Any CPU
		{75298C73-F419-4B73-A3AA-3A6469BD389A}.Release|Any CPU.Build.0 = Release|Any CPU
	EndGlobalSection
	GlobalSection(SolutionProperties) = preSolution
		HideSolutionNode = FALSE
	EndGlobalSection
	GlobalSection(ExtensibilityGlobals) = postSolution
		SolutionGuid = {D3AAA968-5001-4703-A6FC-1AF4F3195C1C}
	EndGlobalSection
EndGlobal
